// !$*UTF8*$!
{
	archiveVersion = 1;
	classes = {
	};
	objectVersion = 46;
	objects = {

/* Begin PBXBuildFile section */
		B99AA6F31A07FC1B009004B6 /* AppDelegate.swift in Sources */ = {isa = PBXBuildFile; fileRef = B99AA6F21A07FC1B009004B6 /* AppDelegate.swift */; };
		B99AA6F51A07FC1B009004B6 /* ViewController.swift in Sources */ = {isa = PBXBuildFile; fileRef = B99AA6F41A07FC1B009004B6 /* ViewController.swift */; };
		B99AA6F81A07FC1B009004B6 /* Main.storyboard in Resources */ = {isa = PBXBuildFile; fileRef = B99AA6F61A07FC1B009004B6 /* Main.storyboard */; };
		B99AA6FA1A07FC1B009004B6 /* Images.xcassets in Resources */ = {isa = PBXBuildFile; fileRef = B99AA6F91A07FC1B009004B6 /* Images.xcassets */; };
		B99AA6FD1A07FC1B009004B6 /* LaunchScreen.xib in Resources */ = {isa = PBXBuildFile; fileRef = B99AA6FB1A07FC1B009004B6 /* LaunchScreen.xib */; };
		B99AA7091A07FC1B009004B6 /* SaveLoadjsonTests.swift in Sources */ = {isa = PBXBuildFile; fileRef = B99AA7081A07FC1B009004B6 /* SaveLoadjsonTests.swift */; };
/* End PBXBuildFile section */

/* Begin PBXContainerItemProxy section */
		B99AA7031A07FC1B009004B6 /* PBXContainerItemProxy */ = {
			isa = PBXContainerItemProxy;
			containerPortal = B99AA6E51A07FC1A009004B6 /* Project object */;
			proxyType = 1;
			remoteGlobalIDString = B99AA6EC1A07FC1A009004B6;
			remoteInfo = SaveLoadjson;
		};
/* End PBXContainerItemProxy section */

/* Begin PBXFileReference section */
		B99AA6ED1A07FC1A009004B6 /* SaveLoadjson.app */ = {isa = PBXFileReference; explicitFileType = wrapper.application; includeInIndex = 0; path = SaveLoadjson.app; sourceTree = BUILT_PRODUCTS_DIR; };
		B99AA6F11A07FC1B009004B6 /* Info.plist */ = {isa = PBXFileReference; lastKnownFileType = text.plist.xml; path = Info.plist; sourceTree = "<group>"; };
		B99AA6F21A07FC1B009004B6 /* AppDelegate.swift */ = {isa = PBXFileReference; lastKnownFileType = sourcecode.swift; path = AppDelegate.swift; sourceTree = "<group>"; };
		B99AA6F41A07FC1B009004B6 /* ViewController.swift */ = {isa = PBXFileReference; lastKnownFileType = sourcecode.swift; path = ViewController.swift; sourceTree = "<group>"; };
		B99AA6F71A07FC1B009004B6 /* Base */ = {isa = PBXFileReference; lastKnownFileType = file.storyboard; name = Base; path = Base.lproj/Main.storyboard; sourceTree = "<group>"; };
		B99AA6F91A07FC1B009004B6 /* Images.xcassets */ = {isa = PBXFileReference; lastKnownFileType = folder.assetcatalog; path = Images.xcassets; sourceTree = "<group>"; };
		B99AA6FC1A07FC1B009004B6 /* Base */ = {isa = PBXFileReference; lastKnownFileType = file.xib; name = Base; path = Base.lproj/LaunchScreen.xib; sourceTree = "<group>"; };
		B99AA7021A07FC1B009004B6 /* SaveLoadjsonTests.xctest */ = {isa = PBXFileReference; explicitFileType = wrapper.cfbundle; includeInIndex = 0; path = SaveLoadjsonTests.xctest; sourceTree = BUILT_PRODUCTS_DIR; };
		B99AA7071A07FC1B009004B6 /* Info.plist */ = {isa = PBXFileReference; lastKnownFileType = text.plist.xml; path = Info.plist; sourceTree = "<group>"; };
		B99AA7081A07FC1B009004B6 /* SaveLoadjsonTests.swift */ = {isa = PBXFileReference; lastKnownFileType = sourcecode.swift; path = SaveLoadjsonTests.swift; sourceTree = "<group>"; };
/* End PBXFileReference section */

/* Begin PBXFrameworksBuildPhase section */
		B99AA6EA1A07FC1A009004B6 /* Frameworks */ = {
			isa = PBXFrameworksBuildPhase;
			buildActionMask = 2147483647;
			files = (
			);
			runOnlyForDeploymentPostprocessing = 0;
		};
		B99AA6FF1A07FC1B009004B6 /* Frameworks */ = {
			isa = PBXFrameworksBuildPhase;
			buildActionMask = 2147483647;
			files = (
			);
			runOnlyForDeploymentPostprocessing = 0;
		};
/* End PBXFrameworksBuildPhase section */

/* Begin PBXGroup section */
		B99AA6E41A07FC1A009004B6 = {
			isa = PBXGroup;
			children = (
				B99AA6EF1A07FC1A009004B6 /* SaveLoadjson */,
				B99AA7051A07FC1B009004B6 /* SaveLoadjsonTests */,
				B99AA6EE1A07FC1A009004B6 /* Products */,
			);
			sourceTree = "<group>";
		};
		B99AA6EE1A07FC1A009004B6 /* Products */ = {
			isa = PBXGroup;
			children = (
				B99AA6ED1A07FC1A009004B6 /* SaveLoadjson.app */,
				B99AA7021A07FC1B009004B6 /* SaveLoadjsonTests.xctest */,
			);
			name = Products;
			sourceTree = "<group>";
		};
		B99AA6EF1A07FC1A009004B6 /* SaveLoadjson */ = {
			isa = PBXGroup;
			children = (
				B99AA6F21A07FC1B009004B6 /* AppDelegate.swift */,
				B99AA6F41A07FC1B009004B6 /* ViewController.swift */,
				B99AA6F61A07FC1B009004B6 /* Main.storyboard */,
				B99AA6F91A07FC1B009004B6 /* Images.xcassets */,
				B99AA6FB1A07FC1B009004B6 /* LaunchScreen.xib */,
				B99AA6F01A07FC1B009004B6 /* Supporting Files */,
			);
			path = SaveLoadjson;
			sourceTree = "<group>";
		};
		B99AA6F01A07FC1B009004B6 /* Supporting Files */ = {
			isa = PBXGroup;
			children = (
				B99AA6F11A07FC1B009004B6 /* Info.plist */,
			);
			name = "Supporting Files";
			sourceTree = "<group>";
		};
		B99AA7051A07FC1B009004B6 /* SaveLoadjsonTests */ = {
			isa = PBXGroup;
			children = (
				B99AA7081A07FC1B009004B6 /* SaveLoadjsonTests.swift */,
				B99AA7061A07FC1B009004B6 /* Supporting Files */,
			);
			path = SaveLoadjsonTests;
			sourceTree = "<group>";
		};
		B99AA7061A07FC1B009004B6 /* Supporting Files */ = {
			isa = PBXGroup;
			children = (
				B99AA7071A07FC1B009004B6 /* Info.plist */,
			);
			name = "Supporting Files";
			sourceTree = "<group>";
		};
/* End PBXGroup section */

/* Begin PBXNativeTarget section */
		B99AA6EC1A07FC1A009004B6 /* SaveLoadjson */ = {
			isa = PBXNativeTarget;
			buildConfigurationList = B99AA70C1A07FC1B009004B6 /* Build configuration list for PBXNativeTarget "SaveLoadjson" */;
			buildPhases = (
				B99AA6E91A07FC1A009004B6 /* Sources */,
				B99AA6EA1A07FC1A009004B6 /* Frameworks */,
				B99AA6EB1A07FC1A009004B6 /* Resources */,
			);
			buildRules = (
			);
			dependencies = (
			);
			name = SaveLoadjson;
			productName = SaveLoadjson;
			productReference = B99AA6ED1A07FC1A009004B6 /* SaveLoadjson.app */;
			productType = "com.apple.product-type.application";
		};
		B99AA7011A07FC1B009004B6 /* SaveLoadjsonTests */ = {
			isa = PBXNativeTarget;
			buildConfigurationList = B99AA70F1A07FC1B009004B6 /* Build configuration list for PBXNativeTarget "SaveLoadjsonTests" */;
			buildPhases = (
				B99AA6FE1A07FC1B009004B6 /* Sources */,
				B99AA6FF1A07FC1B009004B6 /* Frameworks */,
				B99AA7001A07FC1B009004B6 /* Resources */,
			);
			buildRules = (
			);
			dependencies = (
				B99AA7041A07FC1B009004B6 /* PBXTargetDependency */,
			);
			name = SaveLoadjsonTests;
			productName = SaveLoadjsonTests;
			productReference = B99AA7021A07FC1B009004B6 /* SaveLoadjsonTests.xctest */;
			productType = "com.apple.product-type.bundle.unit-test";
		};
/* End PBXNativeTarget section */

/* Begin PBXProject section */
		B99AA6E51A07FC1A009004B6 /* Project object */ = {
			isa = PBXProject;
			attributes = {
				LastUpgradeCheck = 0610;
				ORGANIZATIONNAME = "Craig Grummitt";
				TargetAttributes = {
					B99AA6EC1A07FC1A009004B6 = {
						CreatedOnToolsVersion = 6.1;
					};
					B99AA7011A07FC1B009004B6 = {
						CreatedOnToolsVersion = 6.1;
						TestTargetID = B99AA6EC1A07FC1A009004B6;
					};
				};
			};
			buildConfigurationList = B99AA6E81A07FC1A009004B6 /* Build configuration list for PBXProject "SaveLoadjson" */;
			compatibilityVersion = "Xcode 3.2";
			developmentRegion = English;
			hasScannedForEncodings = 0;
			knownRegions = (
				en,
				Base,
			);
			mainGroup = B99AA6E41A07FC1A009004B6;
			productRefGroup = B99AA6EE1A07FC1A009004B6 /* Products */;
			projectDirPath = "";
			projectRoot = "";
			targets = (
				B99AA6EC1A07FC1A009004B6 /* SaveLoadjson */,
				B99AA7011A07FC1B009004B6 /* SaveLoadjsonTests */,
			);
		};
/* End PBXProject section */

/* Begin PBXResourcesBuildPhase section */
		B99AA6EB1A07FC1A009004B6 /* Resources */ = {
			isa = PBXResourcesBuildPhase;
			buildActionMask = 2147483647;
			files = (
				B99AA6F81A07FC1B009004B6 /* Main.storyboard in Resources */,
				B99AA6FD1A07FC1B009004B6 /* LaunchScreen.xib in Resources */,
				B99AA6FA1A07FC1B009004B6 /* Images.xcassets in Resources */,
			);
			runOnlyForDeploymentPostprocessing = 0;
		};
		B99AA7001A07FC1B009004B6 /* Resources */ = {
			isa = PBXResourcesBuildPhase;
			buildActionMask = 2147483647;
			files = (
			);
			runOnlyForDeploymentPostprocessing = 0;
		};
/* End PBXResourcesBuildPhase section */

/* Begin PBXSourcesBuildPhase section */
		B99AA6E91A07FC1A009004B6 /* Sources */ = {
			isa = PBXSourcesBuildPhase;
			buildActionMask = 2147483647;
			files = (
				B99AA6F51A07FC1B009004B6 /* ViewController.swift in Sources */,
				B99AA6F31A07FC1B009004B6 /* AppDelegate.swift in Sources */,
			);
			runOnlyForDeploymentPostprocessing = 0;
		};
		B99AA6FE1A07FC1B009004B6 /* Sources */ = {
			isa = PBXSourcesBuildPhase;
			buildActionMask = 2147483647;
			files = (
				B99AA7091A07FC1B009004B6 /* SaveLoadjsonTests.swift in Sources */,
			);
			runOnlyForDeploymentPostprocessing = 0;
		};
/* End PBXSourcesBuildPhase section */

/* Begin PBXTargetDependency section */
		B99AA7041A07FC1B009004B6 /* PBXTargetDependency */ = {
			isa = PBXTargetDependency;
			target = B99AA6EC1A07FC1A009004B6 /* SaveLoadjson */;
			targetProxy = B99AA7031A07FC1B009004B6 /* PBXContainerItemProxy */;
		};
/* End PBXTargetDependency section */

/* Begin PBXVariantGroup section */
		B99AA6F61A07FC1B009004B6 /* Main.storyboard */ = {
			isa = PBXVariantGroup;
			children = (
				B99AA6F71A07FC1B009004B6 /* Base */,
			);
			name = Main.storyboard;
			sourceTree = "<group>";
		};
		B99AA6FB1A07FC1B009004B6 /* LaunchScreen.xib */ = {
			isa = PBXVariantGroup;
			children = (
				B99AA6FC1A07FC1B009004B6 /* Base */,
			);
			name = LaunchScreen.xib;
			sourceTree = "<group>";
		};
/* End PBXVariantGroup section */

/* Begin XCBuildConfiguration section */
		B99AA70A1A07FC1B009004B6 /* Debug */ = {
			isa = XCBuildConfiguration;
			buildSettings = {
				ALWAYS_SEARCH_USER_PATHS = NO;
				CLANG_CXX_LANGUAGE_STANDARD = "gnu++0x";
				CLANG_CXX_LIBRARY = "libc++";
				CLANG_ENABLE_MODULES = YES;
				CLANG_ENABLE_OBJC_ARC = YES;
				CLANG_WARN_BOOL_CONVERSION = YES;
				CLANG_WARN_CONSTANT_CONVERSION = YES;
				CLANG_WARN_DIRECT_OBJC_ISA_USAGE = YES_ERROR;
				CLANG_WARN_EMPTY_BODY = YES;
				CLANG_WARN_ENUM_CONVERSION = YES;
				CLANG_WARN_INT_CONVERSION = YES;
				CLANG_WARN_OBJC_ROOT_CLASS = YES_ERROR;
				CLANG_WARN_UNREACHABLE_CODE = YES;
				CLANG_WARN__DUPLICATE_METHOD_MATCH = YES;
				"CODE_SIGN_IDENTITY[sdk=iphoneos*]" = "iPhone Developer";
				COPY_PHASE_STRIP = NO;
				ENABLE_STRICT_OBJC_MSGSEND = YES;
				GCC_C_LANGUAGE_STANDARD = gnu99;
				GCC_DYNAMIC_NO_PIC = NO;
				GCC_OPTIMIZATION_LEVEL = 0;
				GCC_PREPROCESSOR_DEFINITIONS = (
					"DEBUG=1",
					"$(inherited)",
				);
				GCC_SYMBOLS_PRIVATE_EXTERN = NO;
				GCC_WARN_64_TO_32_BIT_CONVERSION = YES;
				GCC_WARN_ABOUT_RETURN_TYPE = YES_ERROR;
				GCC_WARN_UNDECLARED_SELECTOR = YES;
				GCC_WARN_UNINITIALIZED_AUTOS = YES_AGGRESSIVE;
				GCC_WARN_UNUSED_FUNCTION = YES;
				GCC_WARN_UNUSED_VARIABLE = YES;
				IPHONEOS_DEPLOYMENT_TARGET = 8.1;
				MTL_ENABLE_DEBUG_INFO = YES;
				ONLY_ACTIVE_ARCH = YES;
				SDKROOT = iphoneos;
				SWIFT_OPTIMIZATION_LEVEL = "-Onone";
				TARGETED_DEVICE_FAMILY = "1,2";
			};
			name = Debug;
		};
		B99AA70B1A07FC1B009004B6 /* Release */ = {
			isa = XCBuildConfiguration;
			buildSettings = {
				ALWAYS_SEARCH_USER_PATHS = NO;
				CLANG_CXX_LANGUAGE_STANDARD = "gnu++0x";
				CLANG_CXX_LIBRARY = "libc++";
				CLANG_ENABLE_MODULES = YES;
				CLANG_ENABLE_OBJC_ARC = YES;
				CLANG_WARN_BOOL_CONVERSION = YES;
				CLANG_WARN_CONSTANT_CONVERSION = YES;
				CLANG_WARN_DIRECT_OBJC_ISA_USAGE = YES_ERROR;
				CLANG_WARN_EMPTY_BODY = YES;
				CLANG_WARN_ENUM_CONVERSION = YES;
				CLANG_WARN_INT_CONVERSION = YES;
				CLANG_WARN_OBJC_ROOT_CLASS = YES_ERROR;
				CLANG_WARN_UNREACHABLE_CODE = YES;
				CLANG_WARN__DUPLICATE_METHOD_MATCH = YES;
				"CODE_SIGN_IDENTITY[sdk=iphoneos*]" = "iPhone Developer";
				COPY_PHASE_STRIP = YES;
				ENABLE_NS_ASSERTIONS = NO;
				ENABLE_STRICT_OBJC_MSGSEND = YES;
				GCC_C_LANGUAGE_STANDARD = gnu99;
				GCC_WARN_64_TO_32_BIT_CONVERSION = YES;
				GCC_WARN_ABOUT_RETURN_TYPE = YES_ERROR;
				GCC_WARN_UNDECLARED_SELECTOR = YES;
				GCC_WARN_UNINITIALIZED_AUTOS = YES_AGGRESSIVE;
				GCC_WARN_UNUSED_FUNCTION = YES;
				GCC_WARN_UNUSED_VARIABLE = YES;
				IPHONEOS_DEPLOYMENT_TARGET = 8.1;
				MTL_ENABLE_DEBUG_INFO = NO;
				SDKROOT = iphoneos;
				TARGETED_DEVICE_FAMILY = "1,2";
				VALIDATE_PRODUCT = YES;
			};
			name = Release;
		};
		B99AA70D1A07FC1B009004B6 /* Debug */ = {
			isa = XCBuildConfiguration;
			buildSettings = {
				ASSETCATALOG_COMPILER_APPICON_NAME = AppIcon;
				INFOPLIST_FILE = SaveLoadjson/Info.plist;
				LD_RUNPATH_SEARCH_PATHS = "$(inherited) @executable_path/Frameworks";
				PRODUCT_NAME = "$(TARGET_NAME)";
			};
			name = Debug;
		};
		B99AA70E1A07FC1B009004B6 /* Release */ = {
			isa = XCBuildConfiguration;
			buildSettings = {
				ASSETCATALOG_COMPILER_APPICON_NAME = AppIcon;
				INFOPLIST_FILE = SaveLoadjson/Info.plist;
				LD_RUNPATH_SEARCH_PATHS = "$(inherited) @executable_path/Frameworks";
				PRODUCT_NAME = "$(TARGET_NAME)";
			};
			name = Release;
		};
		B99AA7101A07FC1B009004B6 /* Debug */ = {
			isa = XCBuildConfiguration;
			buildSettings = {
				BUNDLE_LOADER = "$(TEST_HOST)";
				FRAMEWORK_SEARCH_PATHS = (
					"$(SDKROOT)/Developer/Library/Frameworks",
					"$(inherited)",
				);
				GCC_PREPROCESSOR_DEFINITIONS = (
					"DEBUG=1",
					"$(inherited)",
				);
				INFOPLIST_FILE = SaveLoadjsonTests/Info.plist;
				LD_RUNPATH_SEARCH_PATHS = "$(inherited) @executable_path/Frameworks @loader_path/Frameworks";
				PRODUCT_NAME = "$(TARGET_NAME)";
				TEST_HOST = "$(BUILT_PRODUCTS_DIR)/SaveLoadjson.app/SaveLoadjson";
			};
			name = Debug;
		};
		B99AA7111A07FC1B009004B6 /* Release */ = {
			isa = XCBuildConfiguration;
			buildSettings = {
				BUNDLE_LOADER = "$(TEST_HOST)";
				FRAMEWORK_SEARCH_PATHS = (
					"$(SDKROOT)/Developer/Library/Frameworks",
					"$(inherited)",
				);
				INFOPLIST_FILE = SaveLoadjsonTests/Info.plist;
				LD_RUNPATH_SEARCH_PATHS = "$(inherited) @executable_path/Frameworks @loader_path/Frameworks";
				PRODUCT_NAME = "$(TARGET_NAME)";
				TEST_HOST = "$(BUILT_PRODUCTS_DIR)/SaveLoadjson.app/SaveLoadjson";
			};
			name = Release;
		};
/* End XCBuildConfiguration section */

/* Begin XCConfigurationList section */
		B99AA6E81A07FC1A009004B6 /* Build configuration list for PBXProject "SaveLoadjson" */ = {
			isa = XCConfigurationList;
			buildConfigurations = (
				B99AA70A1A07FC1B009004B6 /* Debug */,
				B99AA70B1A07FC1B009004B6 /* Release */,
			);
			defaultConfigurationIsVisible = 0;
			defaultConfigurationName = Release;
		};
		B99AA70C1A07FC1B009004B6 /* Build configuration list for PBXNativeTarget "SaveLoadjson" */ = {
			isa = XCConfigurationList;
			buildConfigurations = (
				B99AA70D1A07FC1B009004B6 /* Debug */,
				B99AA70E1A07FC1B009004B6 /* Release */,
			);
			defaultConfigurationIsVisible = 0;
		};
		B99AA70F1A07FC1B009004B6 /* Build configuration list for PBXNativeTarget "SaveLoadjsonTests" */ = {
			isa = XCConfigurationList;
			buildConfigurations = (
				B99AA7101A07FC1B009004B6 /* Debug */,
				B99AA7111A07FC1B009004B6 /* Release */,
			);
			defaultConfigurationIsVisible = 0;
		};
/* End XCConfigurationList section */
	};
	rootObject = B99AA6E51A07FC1A009004B6 /* Project object */;
}
